
Microsoft Visual Studio Solution File, Format Version 12.00
# Visual Studio 15
VisualStudioVersion = 15.0.27130.2027
MinimumVisualStudioVersion = 10.0.40219.1
Project("{8BC9CEB8-8B4A-11D0-8D11-00A0C91BC942}") = "SavingTheUniverseAgain", "SavingTheUniverseAgain\SavingTheUniverseAgain.vcxproj", "{E5004542-537E-4F89-A594-A9816BBE7794}"
EndProject
Project("{8BC9CEB8-8B4A-11D0-8D11-00A0C91BC942}") = "TroubleSort", "TroubleSort\TroubleSort.vcxproj", "{2C633ABC-7634-4A18-8E5A-AF3EF0DAFC50}"
EndProject
Global
	GlobalSection(SolutionConfigurationPlatforms) = preSolution
		Debug|x64 = Debug|x64
		Debug|x86 = Debug|x86
		Release|x64 = Release|x64
		Release|x86 = Release|x86
	EndGlobalSection
	GlobalSection(ProjectConfigurationPlatforms) = postSolution
		{E5004542-537E-4F89-A594-A9816BBE7794}.Debug|x64.ActiveCfg = Debug|x64
		{E5004542-537E-4F89-A594-A9816BBE7794}.Debug|x64.Build.0 = Debug|x64
		{E5004542-537E-4F89-A594-A9816BBE7794}.Debug|x86.ActiveCfg = Debug|Win32
		{E5004542-537E-4F89-A594-A9816BBE7794}.Debug|x86.Build.0 = Debug|Win32
		{E5004542-537E-4F89-A594-A9816BBE7794}.Release|x64.ActiveCfg = Release|x64
		{E5004542-537E-4F89-A594-A9816BBE7794}.Release|x64.Build.0 = Release|x64
		{E5004542-537E-4F89-A594-A9816BBE7794}.Release|x86.ActiveCfg = Release|Win32
		{E5004542-537E-4F89-A594-A9816BBE7794}.Release|x86.Build.0 = Release|Win32
		{2C633ABC-7634-4A18-8E5A-AF3EF0DAFC50}.Debug|x64.ActiveCfg = Debug|x64
		{2C633ABC-7634-4A18-8E5A-AF3EF0DAFC50}.Debug|x64.Build.0 = Debug|x64
		{2C633ABC-7634-4A18-8E5A-AF3EF0DAFC50}.Debug|x86.ActiveCfg = Debug|Win32
		{2C633ABC-7634-4A18-8E5A-AF3EF0DAFC50}.Debug|x86.Build.0 = Debug|Win32
		{2C633ABC-7634-4A18-8E5A-AF3EF0DAFC50}.Release|x64.ActiveCfg = Release|x64
		{2C633ABC-7634-4A18-8E5A-AF3EF0DAFC50}.Release|x64.Build.0 = Release|x64
		{2C633ABC-7634-4A18-8E5A-AF3EF0DAFC50}.Release|x86.ActiveCfg = Release|Win32
		{2C633ABC-7634-4A18-8E5A-AF3EF0DAFC50}.Release|x86.Build.0 = Release|Win32
	EndGlobalSection
	GlobalSection(SolutionProperties) = preSolution
		HideSolutionNode = FALSE
	EndGlobalSection
	GlobalSection(ExtensibilityGlobals) = postSolution
		SolutionGuid = {C8CB0721-A710-4235-9B55-7E4884E95014}
	EndGlobalSection
EndGlobal
